
Microsoft Visual Studio Solution File, Format Version 12.00
# Visual Studio Version 17
VisualStudioVersion = 17.3.32825.248
MinimumVisualStudioVersion = 10.0.40219.1
Project("{FAE04EC0-301F-11D3-BF4B-00C04F79EFBC}") = "Zomb", "Zomb.csproj", "{D41848F9-22D9-46AA-A96D-AD8123A6CD4B}"
EndProject
Global
	GlobalSection(SolutionConfigurationPlatforms) = preSolution
		Debug|Any CPU = Debug|Any CPU
		Release|Any CPU = Release|Any CPU
	EndGlobalSection
	GlobalSection(ProjectConfigurationPlatforms) = postSolution
		{D41848F9-22D9-46AA-A96D-AD8123A6CD4B}.Debug|Any CPU.ActiveCfg = Debug|Any CPU
		{D41848F9-22D9-46AA-A96D-AD8123A6CD4B}.Debug|Any CPU.Build.0 = Debug|Any CPU
		{D41848F9-22D9-46AA-A96D-AD8123A6CD4B}.Release|Any CPU.ActiveCfg = Release|Any CPU
		{D41848F9-22D9-46AA-A96D-AD8123A6CD4B}.Release|Any CPU.Build.0 = Release|Any CPU
	EndGlobalSection
	GlobalSection(SolutionProperties) = preSolution
		HideSolutionNode = FALSE
	EndGlobalSection
	GlobalSection(ExtensibilityGlobals) = postSolution
		SolutionGuid = {D1AE0E27-8664-4249-85CB-4A50D3ADB4B2}
	EndGlobalSection
EndGlobal
